
Microsoft Visual Studio Solution File, Format Version 12.00
# Visual Studio 2012
Project("{FAE04EC0-301F-11D3-BF4B-00C04F79EFBC}") = "Schedule system", "Schedule system\Schedule system.csproj", "{4857E024-41DD-4F1B-83FF-9FD52619848D}"
EndProject
Global
	GlobalSection(SolutionConfigurationPlatforms) = preSolution
		Debug|Any CPU = Debug|Any CPU
		Release|Any CPU = Release|Any CPU
	EndGlobalSection
	GlobalSection(ProjectConfigurationPlatforms) = postSolution
		{4857E024-41DD-4F1B-83FF-9FD52619848D}.Debug|Any CPU.ActiveCfg = Debug|Any CPU
		{4857E024-41DD-4F1B-83FF-9FD52619848D}.Debug|Any CPU.Build.0 = Debug|Any CPU
		{4857E024-41DD-4F1B-83FF-9FD52619848D}.Release|Any CPU.ActiveCfg = Release|Any CPU
		{4857E024-41DD-4F1B-83FF-9FD52619848D}.Release|Any CPU.Build.0 = Release|Any CPU
	EndGlobalSection
	GlobalSection(SolutionProperties) = preSolution
		HideSolutionNode = FALSE
	EndGlobalSection
EndGlobal
